{
  "version": 4,
  "terraform_version": "1.5.7",
  "serial": 55,
  "lineage": "4be456d8-439f-4f8b-8ead-baa44e2f6df9",
  "outputs": {
    "public_ip_address": {
      "value": "terraform-linux-vm1: ",
      "type": "string"
    }
  },
  "resources": [
    {
      "mode": "data",
      "type": "azurerm_public_ip",
      "name": "terraform-ip-data",
      "provider": "provider[\"registry.terraform.io/hashicorp/azurerm\"]",
      "instances": [
        {
          "schema_version": 0,
          "attributes": {
            "allocation_method": "Dynamic",
            "domain_name_label": "",
            "fqdn": "",
            "id": "/subscriptions/5899decf-8aed-47c8-a061-88e06d680e87/resourceGroups/terraform-resources/providers/Microsoft.Network/publicIPAddresses/terraform-public-ip1",
            "idle_timeout_in_minutes": 4,
            "ip_address": "",
            "ip_tags": {},
            "ip_version": "IPv4",
            "location": "westeurope",
            "name": "terraform-public-ip1",
            "resource_group_name": "terraform-resources",
            "reverse_fqdn": "",
            "sku": "Basic",
            "tags": {
              "environment": "Sandbox",
              "owner": "Dan"
            },
            "timeouts": null,
            "zones": []
          },
          "sensitive_attributes": []
        }
      ]
    },
    {
      "mode": "managed",
      "type": "azurerm_linux_virtual_machine",
      "name": "terraform-vm1",
      "provider": "provider[\"registry.terraform.io/hashicorp/azurerm\"]",
      "instances": [
        {
          "schema_version": 0,
          "attributes": {
            "additional_capabilities": [],
            "admin_password": null,
            "admin_ssh_key": [
              {
                "public_key": "ssh-rsa AAAAB3NzaC1yc2EAAAADAQABAAABgQDd8YuTvpZHodBxGDX9gqkkIVakIHumfuujZDZ7av5sHUQXnXZrhi6mUiEmSXDM1VmTfnrKK/bD+XQDZAKgI9k+BfdaKzV9ID1LF8y1VHoIGdP6+QL785hVghhv15HgDCHzDBbsTJR0OdBOxkgZPkPdh6l2SjLNLH/+CIAa0Ro1KOSTQLGamVozUPUBp/3CLlQCd4Nl0Qa8nAKB3nLaEH+K65Dr2XDxN5B4GjtHFIJgTzaI2tyKc3d20XwRFzORYJ835yWerZS82FPPjy3klAVnm/DlaR6xg6hMUBPXF9g5NV5vTxXWjiHIEcEcIdv45/VdbXBlloD1nrTcQe20ueAWA5ZPPHK8Gmkeapl9+00S2VNJoHu2XVuEQUvHGzkN2dk3K6ZMQfsJkeZocz8YeFea7QsIdPXmTZquY7s/svDExFejRKXwN4hffkpsLatT5DavNUOfjjI9oDriFLzkmwRBsMgf9fNre5hme299gWFx7/33Vi7cR3azgWBQM4DpI5U= europe\\dvlad@LAPTOP-DANIELVLAD\r\n",
                "username": "azureuser"
              }
            ],
            "admin_username": "azureuser",
            "allow_extension_operations": true,
            "availability_set_id": "",
            "boot_diagnostics": [],
            "computer_name": "terraform-linux-vm1",
            "custom_data": "IyEvYmluL2Jhc2gNCnN1ZG8gYXB0LWdldCB1cGRhdGUgLXkgJiYNCnN1ZG8gYXB0LWdldCBpbnN0YWxsIC15IFwNCmFwdC10cmFuc3BvcnQtaHR0cHMgXA0KY2EtY2VydGlmaWNhdGVzIFwNCmN1cmwgXA0KZ251cGctYWdlbnQgXA0Kc29mdHdhcmUtcHJvcGVydGllcy1jb21tb24gJiYNCmN1cmwgLWZzU0wgaHR0cHM6Ly9kb3dubG9hZC5kb2NrZXIuY29tL2xpbnV4L3VidW50dS9ncGcgfCBzdWRvIGFwdC1rZXkgYWRkIC0gJiYNCnN1ZG8gYWRkLWFwdC1yZXBvc2l0b3J5ICJkZWIgW2FyY2g9YW1kNjRdIGh0dHBzOi8vZG93bmxvYWQuZG9ja2VyLmNvbS9saW51eC91YnVudHUgJChsc2JfcmVsZWFzZSAtY3MpIHN0YWJsZSIgJiYNCnN1ZG8gYXB0LWdldCB1cGRhdGUgLXkgJiYNCnN1ZG8gYXB0LWdldCBpbnN0YWxsIGRvY2tlci1jZSBkb2NrZXItY2UtY2xpIGNvbnRhaW5lcmQuaW8gLXkgJiYNCnN1ZG8gdXNlcm1vZCAtYUcgZG9ja2VyIHVidW50dQ==",
            "dedicated_host_group_id": "",
            "dedicated_host_id": "",
            "disable_password_authentication": true,
            "edge_zone": "",
            "encryption_at_host_enabled": false,
            "eviction_policy": "",
            "extensions_time_budget": "PT1H30M",
            "id": "/subscriptions/5899decf-8aed-47c8-a061-88e06d680e87/resourceGroups/terraform-resources/providers/Microsoft.Compute/virtualMachines/terraform-linux-vm1",
            "identity": [
              {
                "identity_ids": [],
                "principal_id": "746bbe9a-63fb-4797-9868-39f350380a84",
                "tenant_id": "72f988bf-86f1-41af-91ab-2d7cd011db47",
                "type": "SystemAssigned"
              }
            ],
            "license_type": "",
            "location": "westeurope",
            "max_bid_price": -1,
            "name": "terraform-linux-vm1",
            "network_interface_ids": [
              "/subscriptions/5899decf-8aed-47c8-a061-88e06d680e87/resourceGroups/terraform-resources/providers/Microsoft.Network/networkInterfaces/terraform-nic1"
            ],
            "os_disk": [
              {
                "caching": "ReadWrite",
                "diff_disk_settings": [],
                "disk_encryption_set_id": "",
                "disk_size_gb": 30,
                "name": "terraform-os-disk1",
                "storage_account_type": "Standard_LRS",
                "write_accelerator_enabled": false
              }
            ],
            "patch_mode": "ImageDefault",
            "plan": [],
            "platform_fault_domain": -1,
            "priority": "Regular",
            "private_ip_address": "10.123.1.4",
            "private_ip_addresses": [
              "10.123.1.4"
            ],
            "provision_vm_agent": true,
            "proximity_placement_group_id": "",
            "public_ip_address": "20.71.25.126",
            "public_ip_addresses": [
              "20.71.25.126"
            ],
            "resource_group_name": "terraform-resources",
            "secret": [],
            "secure_boot_enabled": false,
            "size": "Standard_DS1_v2",
            "source_image_id": "",
            "source_image_reference": [
              {
                "offer": "UbuntuServer",
                "publisher": "Canonical",
                "sku": "18.04-LTS",
                "version": "latest"
              }
            ],
            "tags": {
              "environment": "Sandbox",
              "owner": "Dan"
            },
            "termination_notification": null,
            "timeouts": null,
            "user_data": "",
            "virtual_machine_id": "f07bce60-ae0d-4b53-9b8e-aed8566810f0",
            "virtual_machine_scale_set_id": "",
            "vtpm_enabled": false,
            "zone": ""
          },
          "sensitive_attributes": [],
          "private": "eyJlMmJmYjczMC1lY2FhLTExZTYtOGY4OC0zNDM2M2JjN2M0YzAiOnsiY3JlYXRlIjoyNzAwMDAwMDAwMDAwLCJkZWxldGUiOjI3MDAwMDAwMDAwMDAsInJlYWQiOjMwMDAwMDAwMDAwMCwidXBkYXRlIjoyNzAwMDAwMDAwMDAwfX0=",
          "dependencies": [
            "azurerm_network_interface.terraform-nic1",
            "azurerm_public_ip.terraform-public-ip1",
            "azurerm_resource_group.terraform-rg",
            "azurerm_subnet.terraform-virtual-network-subnet",
            "azurerm_virtual_network.terraform-virtual-network"
          ]
        }
      ]
    },
    {
      "mode": "managed",
      "type": "azurerm_network_interface",
      "name": "terraform-nic1",
      "provider": "provider[\"registry.terraform.io/hashicorp/azurerm\"]",
      "instances": [
        {
          "schema_version": 0,
          "attributes": {
            "applied_dns_servers": [],
            "dns_servers": [],
            "edge_zone": "",
            "enable_accelerated_networking": false,
            "enable_ip_forwarding": false,
            "id": "/subscriptions/5899decf-8aed-47c8-a061-88e06d680e87/resourceGroups/terraform-resources/providers/Microsoft.Network/networkInterfaces/terraform-nic1",
            "internal_dns_name_label": "",
            "internal_domain_name_suffix": "yggr5k5adt3uxlftiagznhtvxe.ax.internal.cloudapp.net",
            "ip_configuration": [
              {
                "gateway_load_balancer_frontend_ip_configuration_id": "",
                "name": "internal",
                "primary": true,
                "private_ip_address": "10.123.1.4",
                "private_ip_address_allocation": "Dynamic",
                "private_ip_address_version": "IPv4",
                "public_ip_address_id": "/subscriptions/5899decf-8aed-47c8-a061-88e06d680e87/resourceGroups/terraform-resources/providers/Microsoft.Network/publicIPAddresses/terraform-public-ip1",
                "subnet_id": "/subscriptions/5899decf-8aed-47c8-a061-88e06d680e87/resourceGroups/terraform-resources/providers/Microsoft.Network/virtualNetworks/terraform-virtual-network/subnets/terraform-virtual-network-subnet-1"
              }
            ],
            "location": "westeurope",
            "mac_address": "",
            "name": "terraform-nic1",
            "private_ip_address": "10.123.1.4",
            "private_ip_addresses": [
              "10.123.1.4"
            ],
            "resource_group_name": "terraform-resources",
            "tags": {
              "environment": "Sandbox",
              "owner": "Dan"
            },
            "timeouts": null,
            "virtual_machine_id": ""
          },
          "sensitive_attributes": [],
          "private": "eyJlMmJmYjczMC1lY2FhLTExZTYtOGY4OC0zNDM2M2JjN2M0YzAiOnsiY3JlYXRlIjoxODAwMDAwMDAwMDAwLCJkZWxldGUiOjE4MDAwMDAwMDAwMDAsInJlYWQiOjMwMDAwMDAwMDAwMCwidXBkYXRlIjoxODAwMDAwMDAwMDAwfX0=",
          "dependencies": [
            "azurerm_public_ip.terraform-public-ip1",
            "azurerm_resource_group.terraform-rg",
            "azurerm_subnet.terraform-virtual-network-subnet",
            "azurerm_virtual_network.terraform-virtual-network"
          ]
        }
      ]
    },
    {
      "mode": "managed",
      "type": "azurerm_network_security_group",
      "name": "terraform-virtual-network-nsg",
      "provider": "provider[\"registry.terraform.io/hashicorp/azurerm\"]",
      "instances": [
        {
          "schema_version": 0,
          "attributes": {
            "id": "/subscriptions/5899decf-8aed-47c8-a061-88e06d680e87/resourceGroups/terraform-resources/providers/Microsoft.Network/networkSecurityGroups/terraform-virtual-network-nsg",
            "location": "westeurope",
            "name": "terraform-virtual-network-nsg",
            "resource_group_name": "terraform-resources",
            "security_rule": [],
            "tags": {
              "environment": "Sandbox",
              "owner": "Dan"
            },
            "timeouts": null
          },
          "sensitive_attributes": [],
          "private": "eyJlMmJmYjczMC1lY2FhLTExZTYtOGY4OC0zNDM2M2JjN2M0YzAiOnsiY3JlYXRlIjoxODAwMDAwMDAwMDAwLCJkZWxldGUiOjE4MDAwMDAwMDAwMDAsInJlYWQiOjMwMDAwMDAwMDAwMCwidXBkYXRlIjoxODAwMDAwMDAwMDAwfX0=",
          "dependencies": [
            "azurerm_resource_group.terraform-rg"
          ]
        }
      ]
    },
    {
      "mode": "managed",
      "type": "azurerm_network_security_rule",
      "name": "terraform-virtual-network-nsg-rule",
      "provider": "provider[\"registry.terraform.io/hashicorp/azurerm\"]",
      "instances": [
        {
          "schema_version": 0,
          "attributes": {
            "access": "Allow",
            "description": "",
            "destination_address_prefix": "*",
            "destination_address_prefixes": null,
            "destination_application_security_group_ids": null,
            "destination_port_range": "*",
            "destination_port_ranges": null,
            "direction": "Inbound",
            "id": "/subscriptions/5899decf-8aed-47c8-a061-88e06d680e87/resourceGroups/terraform-resources/providers/Microsoft.Network/networkSecurityGroups/terraform-virtual-network-nsg/securityRules/terraform-virtual-network-nsg-rule",
            "name": "terraform-virtual-network-nsg-rule",
            "network_security_group_name": "terraform-virtual-network-nsg",
            "priority": 100,
            "protocol": "*",
            "resource_group_name": "terraform-resources",
            "source_address_prefix": "92.180.8.159",
            "source_address_prefixes": null,
            "source_application_security_group_ids": null,
            "source_port_range": "*",
            "source_port_ranges": null,
            "timeouts": null
          },
          "sensitive_attributes": [],
          "private": "eyJlMmJmYjczMC1lY2FhLTExZTYtOGY4OC0zNDM2M2JjN2M0YzAiOnsiY3JlYXRlIjoxODAwMDAwMDAwMDAwLCJkZWxldGUiOjE4MDAwMDAwMDAwMDAsInJlYWQiOjMwMDAwMDAwMDAwMCwidXBkYXRlIjoxODAwMDAwMDAwMDAwfX0=",
          "dependencies": [
            "azurerm_network_security_group.terraform-virtual-network-nsg",
            "azurerm_resource_group.terraform-rg"
          ]
        }
      ]
    },
    {
      "mode": "managed",
      "type": "azurerm_public_ip",
      "name": "terraform-public-ip1",
      "provider": "provider[\"registry.terraform.io/hashicorp/azurerm\"]",
      "instances": [
        {
          "schema_version": 0,
          "attributes": {
            "allocation_method": "Dynamic",
            "domain_name_label": null,
            "edge_zone": "",
            "fqdn": null,
            "id": "/subscriptions/5899decf-8aed-47c8-a061-88e06d680e87/resourceGroups/terraform-resources/providers/Microsoft.Network/publicIPAddresses/terraform-public-ip1",
            "idle_timeout_in_minutes": 4,
            "ip_address": "",
            "ip_tags": null,
            "ip_version": "IPv4",
            "location": "westeurope",
            "name": "terraform-public-ip1",
            "public_ip_prefix_id": null,
            "resource_group_name": "terraform-resources",
            "reverse_fqdn": null,
            "sku": "Basic",
            "sku_tier": "Regional",
            "tags": {
              "environment": "Sandbox",
              "owner": "Dan"
            },
            "timeouts": null,
            "zones": null
          },
          "sensitive_attributes": [],
          "private": "eyJlMmJmYjczMC1lY2FhLTExZTYtOGY4OC0zNDM2M2JjN2M0YzAiOnsiY3JlYXRlIjoxODAwMDAwMDAwMDAwLCJkZWxldGUiOjE4MDAwMDAwMDAwMDAsInJlYWQiOjMwMDAwMDAwMDAwMCwidXBkYXRlIjoxODAwMDAwMDAwMDAwfX0=",
          "dependencies": [
            "azurerm_resource_group.terraform-rg"
          ]
        }
      ]
    },
    {
      "mode": "managed",
      "type": "azurerm_resource_group",
      "name": "terraform-rg",
      "provider": "provider[\"registry.terraform.io/hashicorp/azurerm\"]",
      "instances": [
        {
          "schema_version": 0,
          "attributes": {
            "id": "/subscriptions/5899decf-8aed-47c8-a061-88e06d680e87/resourceGroups/terraform-resources",
            "location": "westeurope",
            "name": "terraform-resources",
            "tags": {
              "environment": "Sandbox",
              "owner": "Dan"
            },
            "timeouts": null
          },
          "sensitive_attributes": [],
          "private": "eyJlMmJmYjczMC1lY2FhLTExZTYtOGY4OC0zNDM2M2JjN2M0YzAiOnsiY3JlYXRlIjo1NDAwMDAwMDAwMDAwLCJkZWxldGUiOjU0MDAwMDAwMDAwMDAsInJlYWQiOjMwMDAwMDAwMDAwMCwidXBkYXRlIjo1NDAwMDAwMDAwMDAwfX0="
        }
      ]
    },
    {
      "mode": "managed",
      "type": "azurerm_subnet",
      "name": "terraform-virtual-network-subnet",
      "provider": "provider[\"registry.terraform.io/hashicorp/azurerm\"]",
      "instances": [
        {
          "schema_version": 0,
          "attributes": {
            "address_prefixes": [
              "10.123.1.0/24"
            ],
            "delegation": [],
            "enforce_private_link_endpoint_network_policies": false,
            "enforce_private_link_service_network_policies": false,
            "id": "/subscriptions/5899decf-8aed-47c8-a061-88e06d680e87/resourceGroups/terraform-resources/providers/Microsoft.Network/virtualNetworks/terraform-virtual-network/subnets/terraform-virtual-network-subnet-1",
            "name": "terraform-virtual-network-subnet-1",
            "resource_group_name": "terraform-resources",
            "service_endpoint_policy_ids": null,
            "service_endpoints": null,
            "timeouts": null,
            "virtual_network_name": "terraform-virtual-network"
          },
          "sensitive_attributes": [],
          "private": "eyJlMmJmYjczMC1lY2FhLTExZTYtOGY4OC0zNDM2M2JjN2M0YzAiOnsiY3JlYXRlIjoxODAwMDAwMDAwMDAwLCJkZWxldGUiOjE4MDAwMDAwMDAwMDAsInJlYWQiOjMwMDAwMDAwMDAwMCwidXBkYXRlIjoxODAwMDAwMDAwMDAwfX0=",
          "dependencies": [
            "azurerm_resource_group.terraform-rg",
            "azurerm_virtual_network.terraform-virtual-network"
          ]
        }
      ]
    },
    {
      "mode": "managed",
      "type": "azurerm_subnet_network_security_group_association",
      "name": "example",
      "provider": "provider[\"registry.terraform.io/hashicorp/azurerm\"]",
      "instances": [
        {
          "schema_version": 0,
          "attributes": {
            "id": "/subscriptions/5899decf-8aed-47c8-a061-88e06d680e87/resourceGroups/terraform-resources/providers/Microsoft.Network/virtualNetworks/terraform-virtual-network/subnets/terraform-virtual-network-subnet-1",
            "network_security_group_id": "/subscriptions/5899decf-8aed-47c8-a061-88e06d680e87/resourceGroups/terraform-resources/providers/Microsoft.Network/networkSecurityGroups/terraform-virtual-network-nsg",
            "subnet_id": "/subscriptions/5899decf-8aed-47c8-a061-88e06d680e87/resourceGroups/terraform-resources/providers/Microsoft.Network/virtualNetworks/terraform-virtual-network/subnets/terraform-virtual-network-subnet-1",
            "timeouts": null
          },
          "sensitive_attributes": [],
          "private": "eyJlMmJmYjczMC1lY2FhLTExZTYtOGY4OC0zNDM2M2JjN2M0YzAiOnsiY3JlYXRlIjoxODAwMDAwMDAwMDAwLCJkZWxldGUiOjE4MDAwMDAwMDAwMDAsInJlYWQiOjMwMDAwMDAwMDAwMCwidXBkYXRlIjoxODAwMDAwMDAwMDAwfX0=",
          "dependencies": [
            "azurerm_network_security_group.terraform-virtual-network-nsg",
            "azurerm_resource_group.terraform-rg",
            "azurerm_subnet.terraform-virtual-network-subnet",
            "azurerm_virtual_network.terraform-virtual-network"
          ]
        }
      ]
    },
    {
      "mode": "managed",
      "type": "azurerm_virtual_network",
      "name": "terraform-virtual-network",
      "provider": "provider[\"registry.terraform.io/hashicorp/azurerm\"]",
      "instances": [
        {
          "schema_version": 0,
          "attributes": {
            "address_space": [
              "10.123.0.0/16"
            ],
            "bgp_community": "",
            "ddos_protection_plan": [],
            "dns_servers": [],
            "edge_zone": "",
            "flow_timeout_in_minutes": 0,
            "guid": "ab1f8dc1-1ce0-4bfb-acb3-400d969e75bc",
            "id": "/subscriptions/5899decf-8aed-47c8-a061-88e06d680e87/resourceGroups/terraform-resources/providers/Microsoft.Network/virtualNetworks/terraform-virtual-network",
            "location": "westeurope",
            "name": "terraform-virtual-network",
            "resource_group_name": "terraform-resources",
            "subnet": [],
            "tags": {
              "environment": "Sandbox",
              "owner": "Dan"
            },
            "timeouts": null
          },
          "sensitive_attributes": [],
          "private": "eyJlMmJmYjczMC1lY2FhLTExZTYtOGY4OC0zNDM2M2JjN2M0YzAiOnsiY3JlYXRlIjoxODAwMDAwMDAwMDAwLCJkZWxldGUiOjE4MDAwMDAwMDAwMDAsInJlYWQiOjMwMDAwMDAwMDAwMCwidXBkYXRlIjoxODAwMDAwMDAwMDAwfX0=",
          "dependencies": [
            "azurerm_resource_group.terraform-rg"
          ]
        }
      ]
    }
  ],
  "check_results": null
}
